
Microsoft Visual Studio Solution File, Format Version 12.00
# Visual Studio Version 17
VisualStudioVersion = 17.4.33213.308
MinimumVisualStudioVersion = 10.0.40219.1
Project("{FAE04EC0-301F-11D3-BF4B-00C04F79EFBC}") = "editordetexto", "editordetexto\editordetexto.csproj", "{30583BDA-0F51-421C-BB4E-582EA780EE66}"
EndProject
Global
	GlobalSection(SolutionConfigurationPlatforms) = preSolution
		Debug|Any CPU = Debug|Any CPU
		Release|Any CPU = Release|Any CPU
	EndGlobalSection
	GlobalSection(ProjectConfigurationPlatforms) = postSolution
		{30583BDA-0F51-421C-BB4E-582EA780EE66}.Debug|Any CPU.ActiveCfg = Debug|Any CPU
		{30583BDA-0F51-421C-BB4E-582EA780EE66}.Debug|Any CPU.Build.0 = Debug|Any CPU
		{30583BDA-0F51-421C-BB4E-582EA780EE66}.Release|Any CPU.ActiveCfg = Release|Any CPU
		{30583BDA-0F51-421C-BB4E-582EA780EE66}.Release|Any CPU.Build.0 = Release|Any CPU
	EndGlobalSection
	GlobalSection(SolutionProperties) = preSolution
		HideSolutionNode = FALSE
	EndGlobalSection
	GlobalSection(ExtensibilityGlobals) = postSolution
		SolutionGuid = {2A12F695-ADEA-4BC1-BC45-D265C4E22B57}
	EndGlobalSection
EndGlobal
